# THIS IS AN AUTOGENERATED FILE. DO NOT EDIT THIS FILE DIRECTLY.
# yarn lockfile v1
"@nukr/multiconfig":
  version "0.1.4"
  resolved "https://registry.yarnpkg.com/@nukr/multiconfig/-/multiconfig-0.1.4.tgz#2e09069e12c0341069712f0b0aed77973744e727"

isarray@0.0.1:
  version "0.0.1"
  resolved "https://registry.yarnpkg.com/isarray/-/isarray-0.0.1.tgz#8a18acfca9a8f4177e09abfc6038939b05d1eedf"

path-to-regexp:
  version "1.6.0"
  resolved "https://registry.yarnpkg.com/path-to-regexp/-/path-to-regexp-1.6.0.tgz#4c59cfeab5e360a2657b180730a4bb4582ecec5b"
  dependencies:
    isarray "0.0.1"

